
Microsoft Visual Studio Solution File, Format Version 12.00
# Visual Studio 2013
VisualStudioVersion = 12.0.40629.0
MinimumVisualStudioVersion = 10.0.40219.1
Project("{8BC9CEB8-8B4A-11D0-8D11-00A0C91BC942}") = "TestApplication", "TestApplication\TestApplication.vcxproj", "{B12702AD-ABFB-343A-A199-8E24837244A3}"
EndProject
Project("{2150E333-8FDC-42A3-9474-1A3956D46DE8}") = "Tests", "Tests", "{5EA8FF49-9CBE-4A34-A3E0-ABE38002E0A3}"
	ProjectSection(SolutionItems) = preProject
		tests\CMakeLists.txt = tests\CMakeLists.txt
	EndProjectSection
EndProject
Project("{2150E333-8FDC-42A3-9474-1A3956D46DE8}") = "Role Mask Proxy Model", "Role Mask Proxy Model", "{3C277B2B-6275-4460-AE92-F41EA0FE08B4}"
EndProject
Project("{2150E333-8FDC-42A3-9474-1A3956D46DE8}") = "Model Serialisation", "Model Serialisation", "{05E4874C-D99E-44AD-BDFE-79F06AA78A53}"
EndProject
Project("{2150E333-8FDC-42A3-9474-1A3956D46DE8}") = "Insert Proxy Model", "Insert Proxy Model", "{E82DD6F5-32D9-4E99-B792-D9DD96EF460E}"
EndProject
Project("{8BC9CEB8-8B4A-11D0-8D11-00A0C91BC942}") = "ModelUtilities", "src\ModelUtilities.vcxproj", "{C59B6783-9BA6-45BA-8995-883A5CAB471B}"
EndProject
Project("{8BC9CEB8-8B4A-11D0-8D11-00A0C91BC942}") = "tst_RoleMaskProxyModel", "tests\tst_RoleMaskProxyModel\tst_RoleMaskProxyModel.vcxproj", "{B5BED2BC-34D3-4AF6-9EE2-E9FECD0DCE0F}"
EndProject
Project("{8BC9CEB8-8B4A-11D0-8D11-00A0C91BC942}") = "tst_InsertProxyModel", "tests\tst_InsertProxyModel\tst_InsertProxyModel.vcxproj", "{FC0602C7-44C2-4C6E-BB4A-A56B056FBB99}"
EndProject
Global
	GlobalSection(SolutionConfigurationPlatforms) = preSolution
		debug|x64 = debug|x64
		debug|x86 = debug|x86
		release|x64 = release|x64
		release|x86 = release|x86
	EndGlobalSection
	GlobalSection(ProjectConfigurationPlatforms) = postSolution
		{B12702AD-ABFB-343A-A199-8E24837244A3}.debug|x64.ActiveCfg = Debug|x64
		{B12702AD-ABFB-343A-A199-8E24837244A3}.debug|x64.Build.0 = Debug|x64
		{B12702AD-ABFB-343A-A199-8E24837244A3}.debug|x86.ActiveCfg = Debug|Win32
		{B12702AD-ABFB-343A-A199-8E24837244A3}.debug|x86.Build.0 = Debug|Win32
		{B12702AD-ABFB-343A-A199-8E24837244A3}.release|x64.ActiveCfg = Release|x64
		{B12702AD-ABFB-343A-A199-8E24837244A3}.release|x64.Build.0 = Release|x64
		{B12702AD-ABFB-343A-A199-8E24837244A3}.release|x86.ActiveCfg = Release|Win32
		{B12702AD-ABFB-343A-A199-8E24837244A3}.release|x86.Build.0 = Release|Win32
		{C59B6783-9BA6-45BA-8995-883A5CAB471B}.debug|x64.ActiveCfg = Debug|Win32
		{C59B6783-9BA6-45BA-8995-883A5CAB471B}.debug|x86.ActiveCfg = Debug|Win32
		{C59B6783-9BA6-45BA-8995-883A5CAB471B}.debug|x86.Build.0 = Debug|Win32
		{C59B6783-9BA6-45BA-8995-883A5CAB471B}.release|x64.ActiveCfg = Release|Win32
		{C59B6783-9BA6-45BA-8995-883A5CAB471B}.release|x86.ActiveCfg = Release|Win32
		{C59B6783-9BA6-45BA-8995-883A5CAB471B}.release|x86.Build.0 = Release|Win32
		{B5BED2BC-34D3-4AF6-9EE2-E9FECD0DCE0F}.debug|x64.ActiveCfg = Debug|Win32
		{B5BED2BC-34D3-4AF6-9EE2-E9FECD0DCE0F}.debug|x86.ActiveCfg = Debug|Win32
		{B5BED2BC-34D3-4AF6-9EE2-E9FECD0DCE0F}.debug|x86.Build.0 = Debug|Win32
		{B5BED2BC-34D3-4AF6-9EE2-E9FECD0DCE0F}.release|x64.ActiveCfg = Release|Win32
		{B5BED2BC-34D3-4AF6-9EE2-E9FECD0DCE0F}.release|x86.ActiveCfg = Release|Win32
		{B5BED2BC-34D3-4AF6-9EE2-E9FECD0DCE0F}.release|x86.Build.0 = Release|Win32
		{FC0602C7-44C2-4C6E-BB4A-A56B056FBB99}.debug|x64.ActiveCfg = Debug|Win32
		{FC0602C7-44C2-4C6E-BB4A-A56B056FBB99}.debug|x86.ActiveCfg = Debug|Win32
		{FC0602C7-44C2-4C6E-BB4A-A56B056FBB99}.debug|x86.Build.0 = Debug|Win32
		{FC0602C7-44C2-4C6E-BB4A-A56B056FBB99}.release|x64.ActiveCfg = Release|Win32
		{FC0602C7-44C2-4C6E-BB4A-A56B056FBB99}.release|x86.ActiveCfg = Release|Win32
		{FC0602C7-44C2-4C6E-BB4A-A56B056FBB99}.release|x86.Build.0 = Release|Win32
	EndGlobalSection
	GlobalSection(SolutionProperties) = preSolution
		HideSolutionNode = FALSE
	EndGlobalSection
	GlobalSection(NestedProjects) = preSolution
		{3C277B2B-6275-4460-AE92-F41EA0FE08B4} = {5EA8FF49-9CBE-4A34-A3E0-ABE38002E0A3}
		{05E4874C-D99E-44AD-BDFE-79F06AA78A53} = {5EA8FF49-9CBE-4A34-A3E0-ABE38002E0A3}
		{E82DD6F5-32D9-4E99-B792-D9DD96EF460E} = {5EA8FF49-9CBE-4A34-A3E0-ABE38002E0A3}
		{B5BED2BC-34D3-4AF6-9EE2-E9FECD0DCE0F} = {3C277B2B-6275-4460-AE92-F41EA0FE08B4}
		{FC0602C7-44C2-4C6E-BB4A-A56B056FBB99} = {E82DD6F5-32D9-4E99-B792-D9DD96EF460E}
	EndGlobalSection
	GlobalSection(ExtensibilityGlobals) = postSolution
		Qt5Version = Qt 5.8 VS13 x86
	EndGlobalSection
EndGlobal
